
Microsoft Visual Studio Solution File, Format Version 12.00
# Visual Studio Version 17
VisualStudioVersion = 17.9.34607.119
MinimumVisualStudioVersion = 10.0.40219.1
Project("{FAE04EC0-301F-11D3-BF4B-00C04F79EFBC}") = "DemoMap", "DemoMap\DemoMap\DemoMap.csproj", "{70709EAA-9355-400D-B972-63D347DFB6C0}"
EndProject
Project("{FAE04EC0-301F-11D3-BF4B-00C04F79EFBC}") = "MapDataProvider", "MapDataProvider\MapDataProvider.csproj", "{CAC920D4-8035-46D0-956E-CA5B20E68A62}"
EndProject
Global
	GlobalSection(SolutionConfigurationPlatforms) = preSolution
		Debug|Any CPU = Debug|Any CPU
		Release|Any CPU = Release|Any CPU
	EndGlobalSection
	GlobalSection(ProjectConfigurationPlatforms) = postSolution
		{70709EAA-9355-400D-B972-63D347DFB6C0}.Debug|Any CPU.ActiveCfg = Debug|Any CPU
		{70709EAA-9355-400D-B972-63D347DFB6C0}.Debug|Any CPU.Build.0 = Debug|Any CPU
		{70709EAA-9355-400D-B972-63D347DFB6C0}.Release|Any CPU.ActiveCfg = Release|Any CPU
		{70709EAA-9355-400D-B972-63D347DFB6C0}.Release|Any CPU.Build.0 = Release|Any CPU
		{CAC920D4-8035-46D0-956E-CA5B20E68A62}.Debug|Any CPU.ActiveCfg = Debug|Any CPU
		{CAC920D4-8035-46D0-956E-CA5B20E68A62}.Debug|Any CPU.Build.0 = Debug|Any CPU
		{CAC920D4-8035-46D0-956E-CA5B20E68A62}.Release|Any CPU.ActiveCfg = Release|Any CPU
		{CAC920D4-8035-46D0-956E-CA5B20E68A62}.Release|Any CPU.Build.0 = Release|Any CPU
	EndGlobalSection
	GlobalSection(SolutionProperties) = preSolution
		HideSolutionNode = FALSE
	EndGlobalSection
	GlobalSection(ExtensibilityGlobals) = postSolution
		SolutionGuid = {74EB095D-A9D4-454E-BF09-B8104886BAB7}
	EndGlobalSection
EndGlobal
